// !$*UTF8*$!
{
	archiveVersion = 1;
	classes = {
	};
	objectVersion = 55;
	objects = {

/* Begin PBXBuildFile section */
		1A86A832ED3A7EEE122AA8CB /* Pods_TEToolExtension.framework in Frameworks */ = {isa = PBXBuildFile; fileRef = 37F09A892704394139EDED00 /* Pods_TEToolExtension.framework */; };
		D2D6DCF32C414B5D0072B365 /* ADacNativeAdManager.swift in Sources */ = {isa = PBXBuildFile; fileRef = D2D6DCF22C414B5D0072B365 /* ADacNativeAdManager.swift */; };
		F99BD4A92C20321D00D756E3 /* AppDelegate.swift in Sources */ = {isa = PBXBuildFile; fileRef = F99BD4A82C20321D00D756E3 /* AppDelegate.swift */; };
		F99BD4AB2C20321D00D756E3 /* SceneDelegate.swift in Sources */ = {isa = PBXBuildFile; fileRef = F99BD4AA2C20321D00D756E3 /* SceneDelegate.swift */; };
		F99BD4AD2C20321D00D756E3 /* ViewController.swift in Sources */ = {isa = PBXBuildFile; fileRef = F99BD4AC2C20321D00D756E3 /* ViewController.swift */; };
		F99BD4B02C20321D00D756E3 /* Base in Resources */ = {isa = PBXBuildFile; fileRef = F99BD4AF2C20321D00D756E3 /* Base */; };
		F99BD4B22C20321F00D756E3 /* Assets.xcassets in Resources */ = {isa = PBXBuildFile; fileRef = F99BD4B12C20321F00D756E3 /* Assets.xcassets */; };
		F99BD4B52C20321F00D756E3 /* Base in Resources */ = {isa = PBXBuildFile; fileRef = F99BD4B42C20321F00D756E3 /* Base */; };
		F99BD4C12C20384B00D756E3 /* TEToolExtension.swift in Sources */ = {isa = PBXBuildFile; fileRef = F99BD4BF2C20384B00D756E3 /* TEToolExtension.swift */; };
		F99BD4C92C20473000D756E3 /* AMPermissionManager.swift in Sources */ = {isa = PBXBuildFile; fileRef = F99BD4C82C20473000D756E3 /* AMPermissionManager.swift */; };
/* End PBXBuildFile section */

/* Begin PBXFileReference section */
		37F09A892704394139EDED00 /* Pods_TEToolExtension.framework */ = {isa = PBXFileReference; explicitFileType = wrapper.framework; includeInIndex = 0; path = Pods_TEToolExtension.framework; sourceTree = BUILT_PRODUCTS_DIR; };
		44C92AA62A9DCFA6F81B003A /* Pods-TEToolExtension.release.xcconfig */ = {isa = PBXFileReference; includeInIndex = 1; lastKnownFileType = text.xcconfig; name = "Pods-TEToolExtension.release.xcconfig"; path = "Target Support Files/Pods-TEToolExtension/Pods-TEToolExtension.release.xcconfig"; sourceTree = "<group>"; };
		997DA76AB9B338D66C1B89C7 /* Pods-TEToolExtension.debug.xcconfig */ = {isa = PBXFileReference; includeInIndex = 1; lastKnownFileType = text.xcconfig; name = "Pods-TEToolExtension.debug.xcconfig"; path = "Target Support Files/Pods-TEToolExtension/Pods-TEToolExtension.debug.xcconfig"; sourceTree = "<group>"; };
		D2D6DCF22C414B5D0072B365 /* ADacNativeAdManager.swift */ = {isa = PBXFileReference; fileEncoding = 4; lastKnownFileType = sourcecode.swift; path = ADacNativeAdManager.swift; sourceTree = "<group>"; };
		F99BD4A52C20321D00D756E3 /* TEToolExtension.app */ = {isa = PBXFileReference; explicitFileType = wrapper.application; includeInIndex = 0; path = TEToolExtension.app; sourceTree = BUILT_PRODUCTS_DIR; };
		F99BD4A82C20321D00D756E3 /* AppDelegate.swift */ = {isa = PBXFileReference; lastKnownFileType = sourcecode.swift; path = AppDelegate.swift; sourceTree = "<group>"; };
		F99BD4AA2C20321D00D756E3 /* SceneDelegate.swift */ = {isa = PBXFileReference; lastKnownFileType = sourcecode.swift; path = SceneDelegate.swift; sourceTree = "<group>"; };
		F99BD4AC2C20321D00D756E3 /* ViewController.swift */ = {isa = PBXFileReference; lastKnownFileType = sourcecode.swift; path = ViewController.swift; sourceTree = "<group>"; };
		F99BD4AF2C20321D00D756E3 /* Base */ = {isa = PBXFileReference; lastKnownFileType = file.storyboard; name = Base; path = Base.lproj/Main.storyboard; sourceTree = "<group>"; };
		F99BD4B12C20321F00D756E3 /* Assets.xcassets */ = {isa = PBXFileReference; lastKnownFileType = folder.assetcatalog; path = Assets.xcassets; sourceTree = "<group>"; };
		F99BD4B42C20321F00D756E3 /* Base */ = {isa = PBXFileReference; lastKnownFileType = file.storyboard; name = Base; path = Base.lproj/LaunchScreen.storyboard; sourceTree = "<group>"; };
		F99BD4B62C20321F00D756E3 /* Info.plist */ = {isa = PBXFileReference; lastKnownFileType = text.plist.xml; path = Info.plist; sourceTree = "<group>"; };
		F99BD4BF2C20384B00D756E3 /* TEToolExtension.swift */ = {isa = PBXFileReference; fileEncoding = 4; lastKnownFileType = sourcecode.swift; path = TEToolExtension.swift; sourceTree = "<group>"; };
		F99BD4C82C20473000D756E3 /* AMPermissionManager.swift */ = {isa = PBXFileReference; fileEncoding = 4; lastKnownFileType = sourcecode.swift; path = AMPermissionManager.swift; sourceTree = "<group>"; };
/* End PBXFileReference section */

/* Begin PBXFrameworksBuildPhase section */
		F99BD4A22C20321D00D756E3 /* Frameworks */ = {
			isa = PBXFrameworksBuildPhase;
			buildActionMask = 2147483647;
			files = (
				1A86A832ED3A7EEE122AA8CB /* Pods_TEToolExtension.framework in Frameworks */,
			);
			runOnlyForDeploymentPostprocessing = 0;
		};
/* End PBXFrameworksBuildPhase section */

/* Begin PBXGroup section */
		CBAD728330589B2057253ACC /* Frameworks */ = {
			isa = PBXGroup;
			children = (
				37F09A892704394139EDED00 /* Pods_TEToolExtension.framework */,
			);
			name = Frameworks;
			sourceTree = "<group>";
		};
		E65758C8197D37496F01549A /* Pods */ = {
			isa = PBXGroup;
			children = (
				997DA76AB9B338D66C1B89C7 /* Pods-TEToolExtension.debug.xcconfig */,
				44C92AA62A9DCFA6F81B003A /* Pods-TEToolExtension.release.xcconfig */,
			);
			path = Pods;
			sourceTree = "<group>";
		};
		F99BD49C2C20321D00D756E3 = {
			isa = PBXGroup;
			children = (
				F99BD4C02C20384B00D756E3 /* TEToolExtensionResource */,
				F99BD4A72C20321D00D756E3 /* TEToolExtension */,
				F99BD4A62C20321D00D756E3 /* Products */,
				E65758C8197D37496F01549A /* Pods */,
				CBAD728330589B2057253ACC /* Frameworks */,
			);
			sourceTree = "<group>";
		};
		F99BD4A62C20321D00D756E3 /* Products */ = {
			isa = PBXGroup;
			children = (
				F99BD4A52C20321D00D756E3 /* TEToolExtension.app */,
			);
			name = Products;
			sourceTree = "<group>";
		};
		F99BD4A72C20321D00D756E3 /* TEToolExtension */ = {
			isa = PBXGroup;
			children = (
				F99BD4A82C20321D00D756E3 /* AppDelegate.swift */,
				F99BD4AA2C20321D00D756E3 /* SceneDelegate.swift */,
				F99BD4AC2C20321D00D756E3 /* ViewController.swift */,
				F99BD4AE2C20321D00D756E3 /* Main.storyboard */,
				F99BD4B12C20321F00D756E3 /* Assets.xcassets */,
				F99BD4B32C20321F00D756E3 /* LaunchScreen.storyboard */,
				F99BD4B62C20321F00D756E3 /* Info.plist */,
			);
			path = TEToolExtension;
			sourceTree = "<group>";
		};
		F99BD4C02C20384B00D756E3 /* TEToolExtensionResource */ = {
			isa = PBXGroup;
			children = (
				F99BD4BF2C20384B00D756E3 /* TEToolExtension.swift */,
				F99BD4C82C20473000D756E3 /* AMPermissionManager.swift */,
				D2D6DCF22C414B5D0072B365 /* ADacNativeAdManager.swift */,
			);
			path = TEToolExtensionResource;
			sourceTree = "<group>";
		};
/* End PBXGroup section */

/* Begin PBXNativeTarget section */
		F99BD4A42C20321D00D756E3 /* TEToolExtension */ = {
			isa = PBXNativeTarget;
			buildConfigurationList = F99BD4B92C20321F00D756E3 /* Build configuration list for PBXNativeTarget "TEToolExtension" */;
			buildPhases = (
				A29AC2DFCC3F569108590BB2 /* [CP] Check Pods Manifest.lock */,
				F99BD4A12C20321D00D756E3 /* Sources */,
				F99BD4A22C20321D00D756E3 /* Frameworks */,
				F99BD4A32C20321D00D756E3 /* Resources */,
				B0910F8A96AC464E95F51E47 /* [CP] Embed Pods Frameworks */,
			);
			buildRules = (
			);
			dependencies = (
			);
			name = TEToolExtension;
			productName = TEToolExtension;
			productReference = F99BD4A52C20321D00D756E3 /* TEToolExtension.app */;
			productType = "com.apple.product-type.application";
		};
/* End PBXNativeTarget section */

/* Begin PBXProject section */
		F99BD49D2C20321D00D756E3 /* Project object */ = {
			isa = PBXProject;
			attributes = {
				BuildIndependentTargetsInParallel = 1;
				LastSwiftUpdateCheck = 1530;
				LastUpgradeCheck = 1530;
				TargetAttributes = {
					F99BD4A42C20321D00D756E3 = {
						CreatedOnToolsVersion = 15.3;
					};
				};
			};
			buildConfigurationList = F99BD4A02C20321D00D756E3 /* Build configuration list for PBXProject "TEToolExtension" */;
			compatibilityVersion = "Xcode 13.0";
			developmentRegion = en;
			hasScannedForEncodings = 0;
			knownRegions = (
				en,
				Base,
			);
			mainGroup = F99BD49C2C20321D00D756E3;
			productRefGroup = F99BD4A62C20321D00D756E3 /* Products */;
			projectDirPath = "";
			projectRoot = "";
			targets = (
				F99BD4A42C20321D00D756E3 /* TEToolExtension */,
			);
		};
/* End PBXProject section */

/* Begin PBXResourcesBuildPhase section */
		F99BD4A32C20321D00D756E3 /* Resources */ = {
			isa = PBXResourcesBuildPhase;
			buildActionMask = 2147483647;
			files = (
				F99BD4B22C20321F00D756E3 /* Assets.xcassets in Resources */,
				F99BD4B52C20321F00D756E3 /* Base in Resources */,
				F99BD4B02C20321D00D756E3 /* Base in Resources */,
			);
			runOnlyForDeploymentPostprocessing = 0;
		};
/* End PBXResourcesBuildPhase section */

/* Begin PBXShellScriptBuildPhase section */
		A29AC2DFCC3F569108590BB2 /* [CP] Check Pods Manifest.lock */ = {
			isa = PBXShellScriptBuildPhase;
			buildActionMask = 2147483647;
			files = (
			);
			inputFileListPaths = (
			);
			inputPaths = (
				"${PODS_PODFILE_DIR_PATH}/Podfile.lock",
				"${PODS_ROOT}/Manifest.lock",
			);
			name = "[CP] Check Pods Manifest.lock";
			outputFileListPaths = (
			);
			outputPaths = (
				"$(DERIVED_FILE_DIR)/Pods-TEToolExtension-checkManifestLockResult.txt",
			);
			runOnlyForDeploymentPostprocessing = 0;
			shellPath = /bin/sh;
			shellScript = "diff \"${PODS_PODFILE_DIR_PATH}/Podfile.lock\" \"${PODS_ROOT}/Manifest.lock\" > /dev/null\nif [ $? != 0 ] ; then\n    # print error to STDERR\n    echo \"error: The sandbox is not in sync with the Podfile.lock. Run 'pod install' or update your CocoaPods installation.\" >&2\n    exit 1\nfi\n# This output is used by Xcode 'outputs' to avoid re-running this script phase.\necho \"SUCCESS\" > \"${SCRIPT_OUTPUT_FILE_0}\"\n";
			showEnvVarsInLog = 0;
		};
		B0910F8A96AC464E95F51E47 /* [CP] Embed Pods Frameworks */ = {
			isa = PBXShellScriptBuildPhase;
			buildActionMask = 2147483647;
			files = (
			);
			inputFileListPaths = (
				"${PODS_ROOT}/Target Support Files/Pods-TEToolExtension/Pods-TEToolExtension-frameworks-${CONFIGURATION}-input-files.xcfilelist",
			);
			name = "[CP] Embed Pods Frameworks";
			outputFileListPaths = (
				"${PODS_ROOT}/Target Support Files/Pods-TEToolExtension/Pods-TEToolExtension-frameworks-${CONFIGURATION}-output-files.xcfilelist",
			);
			runOnlyForDeploymentPostprocessing = 0;
			shellPath = /bin/sh;
			shellScript = "\"${PODS_ROOT}/Target Support Files/Pods-TEToolExtension/Pods-TEToolExtension-frameworks.sh\"\n";
			showEnvVarsInLog = 0;
		};
/* End PBXShellScriptBuildPhase section */

/* Begin PBXSourcesBuildPhase section */
		F99BD4A12C20321D00D756E3 /* Sources */ = {
			isa = PBXSourcesBuildPhase;
			buildActionMask = 2147483647;
			files = (
				F99BD4C12C20384B00D756E3 /* TEToolExtension.swift in Sources */,
				F99BD4AD2C20321D00D756E3 /* ViewController.swift in Sources */,
				D2D6DCF32C414B5D0072B365 /* ADacNativeAdManager.swift in Sources */,
				F99BD4A92C20321D00D756E3 /* AppDelegate.swift in Sources */,
				F99BD4AB2C20321D00D756E3 /* SceneDelegate.swift in Sources */,
				F99BD4C92C20473000D756E3 /* AMPermissionManager.swift in Sources */,
			);
			runOnlyForDeploymentPostprocessing = 0;
		};
/* End PBXSourcesBuildPhase section */

/* Begin PBXVariantGroup section */
		F99BD4AE2C20321D00D756E3 /* Main.storyboard */ = {
			isa = PBXVariantGroup;
			children = (
				F99BD4AF2C20321D00D756E3 /* Base */,
			);
			name = Main.storyboard;
			sourceTree = "<group>";
		};
		F99BD4B32C20321F00D756E3 /* LaunchScreen.storyboard */ = {
			isa = PBXVariantGroup;
			children = (
				F99BD4B42C20321F00D756E3 /* Base */,
			);
			name = LaunchScreen.storyboard;
			sourceTree = "<group>";
		};
/* End PBXVariantGroup section */

/* Begin XCBuildConfiguration section */
		F99BD4B72C20321F00D756E3 /* Debug */ = {
			isa = XCBuildConfiguration;
			buildSettings = {
				ALWAYS_SEARCH_USER_PATHS = NO;
				ASSETCATALOG_COMPILER_GENERATE_SWIFT_ASSET_SYMBOL_EXTENSIONS = YES;
				CLANG_ANALYZER_NONNULL = YES;
				CLANG_ANALYZER_NUMBER_OBJECT_CONVERSION = YES_AGGRESSIVE;
				CLANG_CXX_LANGUAGE_STANDARD = "gnu++20";
				CLANG_ENABLE_MODULES = YES;
				CLANG_ENABLE_OBJC_ARC = YES;
				CLANG_ENABLE_OBJC_WEAK = YES;
				CLANG_WARN_BLOCK_CAPTURE_AUTORELEASING = YES;
				CLANG_WARN_BOOL_CONVERSION = YES;
				CLANG_WARN_COMMA = YES;
				CLANG_WARN_CONSTANT_CONVERSION = YES;
				CLANG_WARN_DEPRECATED_OBJC_IMPLEMENTATIONS = YES;
				CLANG_WARN_DIRECT_OBJC_ISA_USAGE = YES_ERROR;
				CLANG_WARN_DOCUMENTATION_COMMENTS = YES;
				CLANG_WARN_EMPTY_BODY = YES;
				CLANG_WARN_ENUM_CONVERSION = YES;
				CLANG_WARN_INFINITE_RECURSION = YES;
				CLANG_WARN_INT_CONVERSION = YES;
				CLANG_WARN_NON_LITERAL_NULL_CONVERSION = YES;
				CLANG_WARN_OBJC_IMPLICIT_RETAIN_SELF = YES;
				CLANG_WARN_OBJC_LITERAL_CONVERSION = YES;
				CLANG_WARN_OBJC_ROOT_CLASS = YES_ERROR;
				CLANG_WARN_QUOTED_INCLUDE_IN_FRAMEWORK_HEADER = YES;
				CLANG_WARN_RANGE_LOOP_ANALYSIS = YES;
				CLANG_WARN_STRICT_PROTOTYPES = YES;
				CLANG_WARN_SUSPICIOUS_MOVE = YES;
				CLANG_WARN_UNGUARDED_AVAILABILITY = YES_AGGRESSIVE;
				CLANG_WARN_UNREACHABLE_CODE = YES;
				CLANG_WARN__DUPLICATE_METHOD_MATCH = YES;
				COPY_PHASE_STRIP = NO;
				DEBUG_INFORMATION_FORMAT = dwarf;
				ENABLE_STRICT_OBJC_MSGSEND = YES;
				ENABLE_TESTABILITY = YES;
				ENABLE_USER_SCRIPT_SANDBOXING = YES;
				GCC_C_LANGUAGE_STANDARD = gnu17;
				GCC_DYNAMIC_NO_PIC = NO;
				GCC_NO_COMMON_BLOCKS = YES;
				GCC_OPTIMIZATION_LEVEL = 0;
				GCC_PREPROCESSOR_DEFINITIONS = (
					"DEBUG=1",
					"$(inherited)",
				);
				GCC_WARN_64_TO_32_BIT_CONVERSION = YES;
				GCC_WARN_ABOUT_RETURN_TYPE = YES_ERROR;
				GCC_WARN_UNDECLARED_SELECTOR = YES;
				GCC_WARN_UNINITIALIZED_AUTOS = YES_AGGRESSIVE;
				GCC_WARN_UNUSED_FUNCTION = YES;
				GCC_WARN_UNUSED_VARIABLE = YES;
				IPHONEOS_DEPLOYMENT_TARGET = 13.0;
				LOCALIZATION_PREFERS_STRING_CATALOGS = YES;
				MTL_ENABLE_DEBUG_INFO = INCLUDE_SOURCE;
				MTL_FAST_MATH = YES;
				ONLY_ACTIVE_ARCH = YES;
				SDKROOT = iphoneos;
				SWIFT_ACTIVE_COMPILATION_CONDITIONS = "DEBUG $(inherited)";
				SWIFT_OPTIMIZATION_LEVEL = "-Onone";
			};
			name = Debug;
		};
		F99BD4B82C20321F00D756E3 /* Release */ = {
			isa = XCBuildConfiguration;
			buildSettings = {
				ALWAYS_SEARCH_USER_PATHS = NO;
				ASSETCATALOG_COMPILER_GENERATE_SWIFT_ASSET_SYMBOL_EXTENSIONS = YES;
				CLANG_ANALYZER_NONNULL = YES;
				CLANG_ANALYZER_NUMBER_OBJECT_CONVERSION = YES_AGGRESSIVE;
				CLANG_CXX_LANGUAGE_STANDARD = "gnu++20";
				CLANG_ENABLE_MODULES = YES;
				CLANG_ENABLE_OBJC_ARC = YES;
				CLANG_ENABLE_OBJC_WEAK = YES;
				CLANG_WARN_BLOCK_CAPTURE_AUTORELEASING = YES;
				CLANG_WARN_BOOL_CONVERSION = YES;
				CLANG_WARN_COMMA = YES;
				CLANG_WARN_CONSTANT_CONVERSION = YES;
				CLANG_WARN_DEPRECATED_OBJC_IMPLEMENTATIONS = YES;
				CLANG_WARN_DIRECT_OBJC_ISA_USAGE = YES_ERROR;
				CLANG_WARN_DOCUMENTATION_COMMENTS = YES;
				CLANG_WARN_EMPTY_BODY = YES;
				CLANG_WARN_ENUM_CONVERSION = YES;
				CLANG_WARN_INFINITE_RECURSION = YES;
				CLANG_WARN_INT_CONVERSION = YES;
				CLANG_WARN_NON_LITERAL_NULL_CONVERSION = YES;
				CLANG_WARN_OBJC_IMPLICIT_RETAIN_SELF = YES;
				CLANG_WARN_OBJC_LITERAL_CONVERSION = YES;
				CLANG_WARN_OBJC_ROOT_CLASS = YES_ERROR;
				CLANG_WARN_QUOTED_INCLUDE_IN_FRAMEWORK_HEADER = YES;
				CLANG_WARN_RANGE_LOOP_ANALYSIS = YES;
				CLANG_WARN_STRICT_PROTOTYPES = YES;
				CLANG_WARN_SUSPICIOUS_MOVE = YES;
				CLANG_WARN_UNGUARDED_AVAILABILITY = YES_AGGRESSIVE;
				CLANG_WARN_UNREACHABLE_CODE = YES;
				CLANG_WARN__DUPLICATE_METHOD_MATCH = YES;
				COPY_PHASE_STRIP = NO;
				DEBUG_INFORMATION_FORMAT = "dwarf-with-dsym";
				ENABLE_NS_ASSERTIONS = NO;
				ENABLE_STRICT_OBJC_MSGSEND = YES;
				ENABLE_USER_SCRIPT_SANDBOXING = YES;
				GCC_C_LANGUAGE_STANDARD = gnu17;
				GCC_NO_COMMON_BLOCKS = YES;
				GCC_WARN_64_TO_32_BIT_CONVERSION = YES;
				GCC_WARN_ABOUT_RETURN_TYPE = YES_ERROR;
				GCC_WARN_UNDECLARED_SELECTOR = YES;
				GCC_WARN_UNINITIALIZED_AUTOS = YES_AGGRESSIVE;
				GCC_WARN_UNUSED_FUNCTION = YES;
				GCC_WARN_UNUSED_VARIABLE = YES;
				IPHONEOS_DEPLOYMENT_TARGET = 13.0;
				LOCALIZATION_PREFERS_STRING_CATALOGS = YES;
				MTL_ENABLE_DEBUG_INFO = NO;
				MTL_FAST_MATH = YES;
				SDKROOT = iphoneos;
				SWIFT_COMPILATION_MODE = wholemodule;
				VALIDATE_PRODUCT = YES;
			};
			name = Release;
		};
		F99BD4BA2C20321F00D756E3 /* Debug */ = {
			isa = XCBuildConfiguration;
			baseConfigurationReference = 997DA76AB9B338D66C1B89C7 /* Pods-TEToolExtension.debug.xcconfig */;
			buildSettings = {
				ASSETCATALOG_COMPILER_APPICON_NAME = AppIcon;
				ASSETCATALOG_COMPILER_GLOBAL_ACCENT_COLOR_NAME = AccentColor;
				CODE_SIGN_STYLE = Automatic;
				CURRENT_PROJECT_VERSION = 1;
				ENABLE_USER_SCRIPT_SANDBOXING = NO;
				GENERATE_INFOPLIST_FILE = YES;
				INFOPLIST_FILE = TEToolExtension/Info.plist;
				INFOPLIST_KEY_UIApplicationSupportsIndirectInputEvents = YES;
				INFOPLIST_KEY_UILaunchStoryboardName = LaunchScreen;
				INFOPLIST_KEY_UIMainStoryboardFile = Main;
				INFOPLIST_KEY_UISupportedInterfaceOrientations_iPad = "UIInterfaceOrientationPortrait UIInterfaceOrientationPortraitUpsideDown UIInterfaceOrientationLandscapeLeft UIInterfaceOrientationLandscapeRight";
				INFOPLIST_KEY_UISupportedInterfaceOrientations_iPhone = "UIInterfaceOrientationPortrait UIInterfaceOrientationLandscapeLeft UIInterfaceOrientationLandscapeRight";
				IPHONEOS_DEPLOYMENT_TARGET = 13.0;
				LD_RUNPATH_SEARCH_PATHS = (
					"$(inherited)",
					"@executable_path/Frameworks",
				);
				MARKETING_VERSION = 1.0;
				PRODUCT_BUNDLE_IDENTIFIER = te.TEToolExtension;
				PRODUCT_NAME = "$(TARGET_NAME)";
				SWIFT_EMIT_LOC_STRINGS = YES;
				SWIFT_VERSION = 5.0;
				TARGETED_DEVICE_FAMILY = "1,2";
			};
			name = Debug;
		};
		F99BD4BB2C20321F00D756E3 /* Release */ = {
			isa = XCBuildConfiguration;
			baseConfigurationReference = 44C92AA62A9DCFA6F81B003A /* Pods-TEToolExtension.release.xcconfig */;
			buildSettings = {
				ASSETCATALOG_COMPILER_APPICON_NAME = AppIcon;
				ASSETCATALOG_COMPILER_GLOBAL_ACCENT_COLOR_NAME = AccentColor;
				CODE_SIGN_STYLE = Automatic;
				CURRENT_PROJECT_VERSION = 1;
				ENABLE_USER_SCRIPT_SANDBOXING = NO;
				GENERATE_INFOPLIST_FILE = YES;
				INFOPLIST_FILE = TEToolExtension/Info.plist;
				INFOPLIST_KEY_UIApplicationSupportsIndirectInputEvents = YES;
				INFOPLIST_KEY_UILaunchStoryboardName = LaunchScreen;
				INFOPLIST_KEY_UIMainStoryboardFile = Main;
				INFOPLIST_KEY_UISupportedInterfaceOrientations_iPad = "UIInterfaceOrientationPortrait UIInterfaceOrientationPortraitUpsideDown UIInterfaceOrientationLandscapeLeft UIInterfaceOrientationLandscapeRight";
				INFOPLIST_KEY_UISupportedInterfaceOrientations_iPhone = "UIInterfaceOrientationPortrait UIInterfaceOrientationLandscapeLeft UIInterfaceOrientationLandscapeRight";
				IPHONEOS_DEPLOYMENT_TARGET = 13.0;
				LD_RUNPATH_SEARCH_PATHS = (
					"$(inherited)",
					"@executable_path/Frameworks",
				);
				MARKETING_VERSION = 1.0;
				PRODUCT_BUNDLE_IDENTIFIER = te.TEToolExtension;
				PRODUCT_NAME = "$(TARGET_NAME)";
				SWIFT_EMIT_LOC_STRINGS = YES;
				SWIFT_VERSION = 5.0;
				TARGETED_DEVICE_FAMILY = "1,2";
			};
			name = Release;
		};
/* End XCBuildConfiguration section */

/* Begin XCConfigurationList section */
		F99BD4A02C20321D00D756E3 /* Build configuration list for PBXProject "TEToolExtension" */ = {
			isa = XCConfigurationList;
			buildConfigurations = (
				F99BD4B72C20321F00D756E3 /* Debug */,
				F99BD4B82C20321F00D756E3 /* Release */,
			);
			defaultConfigurationIsVisible = 0;
			defaultConfigurationName = Release;
		};
		F99BD4B92C20321F00D756E3 /* Build configuration list for PBXNativeTarget "TEToolExtension" */ = {
			isa = XCConfigurationList;
			buildConfigurations = (
				F99BD4BA2C20321F00D756E3 /* Debug */,
				F99BD4BB2C20321F00D756E3 /* Release */,
			);
			defaultConfigurationIsVisible = 0;
			defaultConfigurationName = Release;
		};
/* End XCConfigurationList section */
	};
	rootObject = F99BD49D2C20321D00D756E3 /* Project object */;
}
