// !$*UTF8*$!
{
	archiveVersion = 1;
	classes = {
	};
	objectVersion = 55;
	objects = {

/* Begin PBXBuildFile section */
		1A86A832ED3A7EEE122AA8CB /* Pods_TEToolExtension.framework in Frameworks */ = {isa = PBXBuildFile; fileRef = 37F09A892704394139EDED00 /* Pods_TEToolExtension.framework */; };
		F908185E2C58D20F0070A6B4 /* 1FE45377-611E-42EE-876A-C4E1EE51637D.codesnippet in Resources */ = {isa = PBXBuildFile; fileRef = F90818332C58D20F0070A6B4 /* 1FE45377-611E-42EE-876A-C4E1EE51637D.codesnippet */; };
		F908185F2C58D20F0070A6B4 /* 3A344574-5B33-420E-9B88-B00612AB9765.codesnippet in Resources */ = {isa = PBXBuildFile; fileRef = F90818342C58D20F0070A6B4 /* 3A344574-5B33-420E-9B88-B00612AB9765.codesnippet */; };
		F90818602C58D20F0070A6B4 /* 4AC96164-EF84-4728-B22F-9921AAC72841.codesnippet in Resources */ = {isa = PBXBuildFile; fileRef = F90818352C58D20F0070A6B4 /* 4AC96164-EF84-4728-B22F-9921AAC72841.codesnippet */; };
		F90818612C58D20F0070A6B4 /* 4C217297-90F7-40C9-A8A6-B425E6D735C4.codesnippet in Resources */ = {isa = PBXBuildFile; fileRef = F90818362C58D20F0070A6B4 /* 4C217297-90F7-40C9-A8A6-B425E6D735C4.codesnippet */; };
		F90818622C58D20F0070A6B4 /* 4EC06E1A-2041-4E43-BDD5-E1AAB4CAF3E7.codesnippet in Resources */ = {isa = PBXBuildFile; fileRef = F90818372C58D20F0070A6B4 /* 4EC06E1A-2041-4E43-BDD5-E1AAB4CAF3E7.codesnippet */; };
		F90818632C58D20F0070A6B4 /* 5A4CF5E6-6752-40DE-8B16-811C07ACC814.codesnippet in Resources */ = {isa = PBXBuildFile; fileRef = F90818382C58D20F0070A6B4 /* 5A4CF5E6-6752-40DE-8B16-811C07ACC814.codesnippet */; };
		F90818642C58D20F0070A6B4 /* 05AF2BE6-CF18-49DC-9D00-5CF19EABB764.codesnippet in Resources */ = {isa = PBXBuildFile; fileRef = F90818392C58D20F0070A6B4 /* 05AF2BE6-CF18-49DC-9D00-5CF19EABB764.codesnippet */; };
		F90818652C58D20F0070A6B4 /* 5B608214-1550-4472-9395-C507185DE5BB.codesnippet in Resources */ = {isa = PBXBuildFile; fileRef = F908183A2C58D20F0070A6B4 /* 5B608214-1550-4472-9395-C507185DE5BB.codesnippet */; };
		F90818662C58D20F0070A6B4 /* 5D0B64E7-E7E7-40C8-98AF-6E7B8741615D.codesnippet in Resources */ = {isa = PBXBuildFile; fileRef = F908183B2C58D20F0070A6B4 /* 5D0B64E7-E7E7-40C8-98AF-6E7B8741615D.codesnippet */; };
		F90818672C58D20F0070A6B4 /* 5E1DF437-D26B-4CD2-848C-9EFF480BCDFC.codesnippet in Resources */ = {isa = PBXBuildFile; fileRef = F908183C2C58D20F0070A6B4 /* 5E1DF437-D26B-4CD2-848C-9EFF480BCDFC.codesnippet */; };
		F90818682C58D20F0070A6B4 /* 7A8B6B25-19BF-4CD4-A2B9-C2B1E03E214A.codesnippet in Resources */ = {isa = PBXBuildFile; fileRef = F908183D2C58D20F0070A6B4 /* 7A8B6B25-19BF-4CD4-A2B9-C2B1E03E214A.codesnippet */; };
		F90818692C58D20F0070A6B4 /* 7A518776-328A-4D13-8CB5-E2B36414919D.codesnippet in Resources */ = {isa = PBXBuildFile; fileRef = F908183E2C58D20F0070A6B4 /* 7A518776-328A-4D13-8CB5-E2B36414919D.codesnippet */; };
		F908186A2C58D20F0070A6B4 /* 9D569D2D-2312-4047-A327-D781AAA31B10.codesnippet in Resources */ = {isa = PBXBuildFile; fileRef = F908183F2C58D20F0070A6B4 /* 9D569D2D-2312-4047-A327-D781AAA31B10.codesnippet */; };
		F908186B2C58D20F0070A6B4 /* 24FD4693-2641-4892-AD6C-C6EA89C32AF3.codesnippet in Resources */ = {isa = PBXBuildFile; fileRef = F90818402C58D20F0070A6B4 /* 24FD4693-2641-4892-AD6C-C6EA89C32AF3.codesnippet */; };
		F908186C2C58D20F0070A6B4 /* 29C7C85F-99AC-49ED-B2D2-2D2BB10D8687.codesnippet in Resources */ = {isa = PBXBuildFile; fileRef = F90818412C58D20F0070A6B4 /* 29C7C85F-99AC-49ED-B2D2-2D2BB10D8687.codesnippet */; };
		F908186D2C58D20F0070A6B4 /* 39A37248-32D2-4A4E-830B-E94AF17AE9C7.codesnippet in Resources */ = {isa = PBXBuildFile; fileRef = F90818422C58D20F0070A6B4 /* 39A37248-32D2-4A4E-830B-E94AF17AE9C7.codesnippet */; };
		F908186E2C58D20F0070A6B4 /* 63BCAEBC-FB4D-4A2B-9C00-D6E2A64B3AB1.codesnippet in Resources */ = {isa = PBXBuildFile; fileRef = F90818432C58D20F0070A6B4 /* 63BCAEBC-FB4D-4A2B-9C00-D6E2A64B3AB1.codesnippet */; };
		F908186F2C58D20F0070A6B4 /* 73DCB6E2-FC2D-47C7-8BAC-8DA2459EBB09.codesnippet in Resources */ = {isa = PBXBuildFile; fileRef = F90818442C58D20F0070A6B4 /* 73DCB6E2-FC2D-47C7-8BAC-8DA2459EBB09.codesnippet */; };
		F90818702C58D20F0070A6B4 /* 96BB319D-5EA8-4758-B7AB-67C05661AE8D.codesnippet in Resources */ = {isa = PBXBuildFile; fileRef = F90818452C58D20F0070A6B4 /* 96BB319D-5EA8-4758-B7AB-67C05661AE8D.codesnippet */; };
		F90818712C58D20F0070A6B4 /* 680BEE88-DC32-4680-9166-22A3A13B6C8A.codesnippet in Resources */ = {isa = PBXBuildFile; fileRef = F90818462C58D20F0070A6B4 /* 680BEE88-DC32-4680-9166-22A3A13B6C8A.codesnippet */; };
		F90818722C58D20F0070A6B4 /* 858AF58E-C858-46F5-A701-7A067A565D01.codesnippet in Resources */ = {isa = PBXBuildFile; fileRef = F90818472C58D20F0070A6B4 /* 858AF58E-C858-46F5-A701-7A067A565D01.codesnippet */; };
		F90818732C58D20F0070A6B4 /* 3085EA50-A235-4E8C-90C6-F7BEAE9DA0DC.codesnippet in Resources */ = {isa = PBXBuildFile; fileRef = F90818482C58D20F0070A6B4 /* 3085EA50-A235-4E8C-90C6-F7BEAE9DA0DC.codesnippet */; };
		F90818742C58D20F0070A6B4 /* 4510B14C-FF81-4881-B299-5C817350276B.codesnippet in Resources */ = {isa = PBXBuildFile; fileRef = F90818492C58D20F0070A6B4 /* 4510B14C-FF81-4881-B299-5C817350276B.codesnippet */; };
		F90818752C58D20F0070A6B4 /* 6625B4FC-6392-4515-83B3-549CE616F5D9.codesnippet in Resources */ = {isa = PBXBuildFile; fileRef = F908184A2C58D20F0070A6B4 /* 6625B4FC-6392-4515-83B3-549CE616F5D9.codesnippet */; };
		F90818762C58D20F0070A6B4 /* 44603A30-B228-4485-8E20-53C59ED247B2.codesnippet in Resources */ = {isa = PBXBuildFile; fileRef = F908184B2C58D20F0070A6B4 /* 44603A30-B228-4485-8E20-53C59ED247B2.codesnippet */; };
		F90818772C58D20F0070A6B4 /* 0195684E-C930-4205-B805-D0348AADEC50.codesnippet in Resources */ = {isa = PBXBuildFile; fileRef = F908184C2C58D20F0070A6B4 /* 0195684E-C930-4205-B805-D0348AADEC50.codesnippet */; };
		F90818782C58D20F0070A6B4 /* A0C4BBDD-4557-47F8-96B1-2C9F24A7B75F.codesnippet in Resources */ = {isa = PBXBuildFile; fileRef = F908184D2C58D20F0070A6B4 /* A0C4BBDD-4557-47F8-96B1-2C9F24A7B75F.codesnippet */; };
		F90818792C58D20F0070A6B4 /* A9A6C400-351F-420A-9E65-B50C37E978F0.codesnippet in Resources */ = {isa = PBXBuildFile; fileRef = F908184E2C58D20F0070A6B4 /* A9A6C400-351F-420A-9E65-B50C37E978F0.codesnippet */; };
		F908187A2C58D20F0070A6B4 /* A61C702C-823A-421C-A6FC-D06A508E81DB.codesnippet in Resources */ = {isa = PBXBuildFile; fileRef = F908184F2C58D20F0070A6B4 /* A61C702C-823A-421C-A6FC-D06A508E81DB.codesnippet */; };
		F908187B2C58D20F0070A6B4 /* B9957D1A-1DC7-4D77-9CCF-E648FEE02767.codesnippet in Resources */ = {isa = PBXBuildFile; fileRef = F90818502C58D20F0070A6B4 /* B9957D1A-1DC7-4D77-9CCF-E648FEE02767.codesnippet */; };
		F908187C2C58D20F0070A6B4 /* B2025015-CE7D-4D4A-9426-7822A20947D7.codesnippet in Resources */ = {isa = PBXBuildFile; fileRef = F90818512C58D20F0070A6B4 /* B2025015-CE7D-4D4A-9426-7822A20947D7.codesnippet */; };
		F908187D2C58D20F0070A6B4 /* BE5EFB73-C5A6-4520-A93B-0A099F3EE535.codesnippet in Resources */ = {isa = PBXBuildFile; fileRef = F90818522C58D20F0070A6B4 /* BE5EFB73-C5A6-4520-A93B-0A099F3EE535.codesnippet */; };
		F908187E2C58D20F0070A6B4 /* C16E027E-D075-4CCA-BBC0-D384EB416698.codesnippet in Resources */ = {isa = PBXBuildFile; fileRef = F90818532C58D20F0070A6B4 /* C16E027E-D075-4CCA-BBC0-D384EB416698.codesnippet */; };
		F908187F2C58D20F0070A6B4 /* C40F00A2-7448-480C-AB5C-BBE5872A61EA.codesnippet in Resources */ = {isa = PBXBuildFile; fileRef = F90818542C58D20F0070A6B4 /* C40F00A2-7448-480C-AB5C-BBE5872A61EA.codesnippet */; };
		F90818802C58D20F0070A6B4 /* D6D46B0B-BA1A-424A-AEE4-41978A733BBB.codesnippet in Resources */ = {isa = PBXBuildFile; fileRef = F90818552C58D20F0070A6B4 /* D6D46B0B-BA1A-424A-AEE4-41978A733BBB.codesnippet */; };
		F90818812C58D20F0070A6B4 /* F1B2D44D-7CF2-4C8C-909A-EA93C35B127F.codesnippet in Resources */ = {isa = PBXBuildFile; fileRef = F90818562C58D20F0070A6B4 /* F1B2D44D-7CF2-4C8C-909A-EA93C35B127F.codesnippet */; };
		F90818822C58D20F0070A6B4 /* F4A81707-CD8E-47B3-84F7-5F6405E7F6E3.codesnippet in Resources */ = {isa = PBXBuildFile; fileRef = F90818572C58D20F0070A6B4 /* F4A81707-CD8E-47B3-84F7-5F6405E7F6E3.codesnippet */; };
		F90818832C58D20F0070A6B4 /* F4B9997B-F807-4019-98F5-541ECB45F59E.codesnippet in Resources */ = {isa = PBXBuildFile; fileRef = F90818582C58D20F0070A6B4 /* F4B9997B-F807-4019-98F5-541ECB45F59E.codesnippet */; };
		F90818842C58D20F0070A6B4 /* F6AC9723-3DF0-4E20-AB1D-18DC504123E7.codesnippet in Resources */ = {isa = PBXBuildFile; fileRef = F90818592C58D20F0070A6B4 /* F6AC9723-3DF0-4E20-AB1D-18DC504123E7.codesnippet */; };
		F90818852C58D20F0070A6B4 /* F84D361A-CBD9-416F-B732-95524D94949A.codesnippet in Resources */ = {isa = PBXBuildFile; fileRef = F908185A2C58D20F0070A6B4 /* F84D361A-CBD9-416F-B732-95524D94949A.codesnippet */; };
		F90818862C58D20F0070A6B4 /* FD5C16DC-5110-47B1-A88F-76FBD14EEF67.codesnippet in Resources */ = {isa = PBXBuildFile; fileRef = F908185B2C58D20F0070A6B4 /* FD5C16DC-5110-47B1-A88F-76FBD14EEF67.codesnippet */; };
		F90818872C58D20F0070A6B4 /* FE816A90-24A5-40E2-A7CC-C4A65EB5CC30.codesnippet in Resources */ = {isa = PBXBuildFile; fileRef = F908185C2C58D20F0070A6B4 /* FE816A90-24A5-40E2-A7CC-C4A65EB5CC30.codesnippet */; };
		F99BD4A92C20321D00D756E3 /* AppDelegate.swift in Sources */ = {isa = PBXBuildFile; fileRef = F99BD4A82C20321D00D756E3 /* AppDelegate.swift */; };
		F99BD4AB2C20321D00D756E3 /* SceneDelegate.swift in Sources */ = {isa = PBXBuildFile; fileRef = F99BD4AA2C20321D00D756E3 /* SceneDelegate.swift */; };
		F99BD4AD2C20321D00D756E3 /* ViewController.swift in Sources */ = {isa = PBXBuildFile; fileRef = F99BD4AC2C20321D00D756E3 /* ViewController.swift */; };
		F99BD4B02C20321D00D756E3 /* Base in Resources */ = {isa = PBXBuildFile; fileRef = F99BD4AF2C20321D00D756E3 /* Base */; };
		F99BD4B22C20321F00D756E3 /* Assets.xcassets in Resources */ = {isa = PBXBuildFile; fileRef = F99BD4B12C20321F00D756E3 /* Assets.xcassets */; };
		F99BD4B52C20321F00D756E3 /* Base in Resources */ = {isa = PBXBuildFile; fileRef = F99BD4B42C20321F00D756E3 /* Base */; };
		F99BD4C12C20384B00D756E3 /* TEToolExtension.swift in Sources */ = {isa = PBXBuildFile; fileRef = F99BD4BF2C20384B00D756E3 /* TEToolExtension.swift */; };
		F99BD4C92C20473000D756E3 /* AMPermissionManager.swift in Sources */ = {isa = PBXBuildFile; fileRef = F99BD4C82C20473000D756E3 /* AMPermissionManager.swift */; };
/* End PBXBuildFile section */

/* Begin PBXFileReference section */
		37F09A892704394139EDED00 /* Pods_TEToolExtension.framework */ = {isa = PBXFileReference; explicitFileType = wrapper.framework; includeInIndex = 0; path = Pods_TEToolExtension.framework; sourceTree = BUILT_PRODUCTS_DIR; };
		44C92AA62A9DCFA6F81B003A /* Pods-TEToolExtension.release.xcconfig */ = {isa = PBXFileReference; includeInIndex = 1; lastKnownFileType = text.xcconfig; name = "Pods-TEToolExtension.release.xcconfig"; path = "Target Support Files/Pods-TEToolExtension/Pods-TEToolExtension.release.xcconfig"; sourceTree = "<group>"; };
		997DA76AB9B338D66C1B89C7 /* Pods-TEToolExtension.debug.xcconfig */ = {isa = PBXFileReference; includeInIndex = 1; lastKnownFileType = text.xcconfig; name = "Pods-TEToolExtension.debug.xcconfig"; path = "Target Support Files/Pods-TEToolExtension/Pods-TEToolExtension.debug.xcconfig"; sourceTree = "<group>"; };
		F90818332C58D20F0070A6B4 /* 1FE45377-611E-42EE-876A-C4E1EE51637D.codesnippet */ = {isa = PBXFileReference; fileEncoding = 4; lastKnownFileType = text.xml; path = "1FE45377-611E-42EE-876A-C4E1EE51637D.codesnippet"; sourceTree = "<group>"; };
		F90818342C58D20F0070A6B4 /* 3A344574-5B33-420E-9B88-B00612AB9765.codesnippet */ = {isa = PBXFileReference; fileEncoding = 4; lastKnownFileType = text.xml; path = "3A344574-5B33-420E-9B88-B00612AB9765.codesnippet"; sourceTree = "<group>"; };
		F90818352C58D20F0070A6B4 /* 4AC96164-EF84-4728-B22F-9921AAC72841.codesnippet */ = {isa = PBXFileReference; fileEncoding = 4; lastKnownFileType = text.xml; path = "4AC96164-EF84-4728-B22F-9921AAC72841.codesnippet"; sourceTree = "<group>"; };
		F90818362C58D20F0070A6B4 /* 4C217297-90F7-40C9-A8A6-B425E6D735C4.codesnippet */ = {isa = PBXFileReference; fileEncoding = 4; lastKnownFileType = text.xml; path = "4C217297-90F7-40C9-A8A6-B425E6D735C4.codesnippet"; sourceTree = "<group>"; };
		F90818372C58D20F0070A6B4 /* 4EC06E1A-2041-4E43-BDD5-E1AAB4CAF3E7.codesnippet */ = {isa = PBXFileReference; fileEncoding = 4; lastKnownFileType = text.xml; path = "4EC06E1A-2041-4E43-BDD5-E1AAB4CAF3E7.codesnippet"; sourceTree = "<group>"; };
		F90818382C58D20F0070A6B4 /* 5A4CF5E6-6752-40DE-8B16-811C07ACC814.codesnippet */ = {isa = PBXFileReference; fileEncoding = 4; lastKnownFileType = text.xml; path = "5A4CF5E6-6752-40DE-8B16-811C07ACC814.codesnippet"; sourceTree = "<group>"; };
		F90818392C58D20F0070A6B4 /* 05AF2BE6-CF18-49DC-9D00-5CF19EABB764.codesnippet */ = {isa = PBXFileReference; fileEncoding = 4; lastKnownFileType = text.xml; path = "05AF2BE6-CF18-49DC-9D00-5CF19EABB764.codesnippet"; sourceTree = "<group>"; };
		F908183A2C58D20F0070A6B4 /* 5B608214-1550-4472-9395-C507185DE5BB.codesnippet */ = {isa = PBXFileReference; fileEncoding = 4; lastKnownFileType = text.xml; path = "5B608214-1550-4472-9395-C507185DE5BB.codesnippet"; sourceTree = "<group>"; };
		F908183B2C58D20F0070A6B4 /* 5D0B64E7-E7E7-40C8-98AF-6E7B8741615D.codesnippet */ = {isa = PBXFileReference; fileEncoding = 4; lastKnownFileType = text.xml; path = "5D0B64E7-E7E7-40C8-98AF-6E7B8741615D.codesnippet"; sourceTree = "<group>"; };
		F908183C2C58D20F0070A6B4 /* 5E1DF437-D26B-4CD2-848C-9EFF480BCDFC.codesnippet */ = {isa = PBXFileReference; fileEncoding = 4; lastKnownFileType = text.xml; path = "5E1DF437-D26B-4CD2-848C-9EFF480BCDFC.codesnippet"; sourceTree = "<group>"; };
		F908183D2C58D20F0070A6B4 /* 7A8B6B25-19BF-4CD4-A2B9-C2B1E03E214A.codesnippet */ = {isa = PBXFileReference; fileEncoding = 4; lastKnownFileType = text.xml; path = "7A8B6B25-19BF-4CD4-A2B9-C2B1E03E214A.codesnippet"; sourceTree = "<group>"; };
		F908183E2C58D20F0070A6B4 /* 7A518776-328A-4D13-8CB5-E2B36414919D.codesnippet */ = {isa = PBXFileReference; fileEncoding = 4; lastKnownFileType = text.xml; path = "7A518776-328A-4D13-8CB5-E2B36414919D.codesnippet"; sourceTree = "<group>"; };
		F908183F2C58D20F0070A6B4 /* 9D569D2D-2312-4047-A327-D781AAA31B10.codesnippet */ = {isa = PBXFileReference; fileEncoding = 4; lastKnownFileType = text.xml; path = "9D569D2D-2312-4047-A327-D781AAA31B10.codesnippet"; sourceTree = "<group>"; };
		F90818402C58D20F0070A6B4 /* 24FD4693-2641-4892-AD6C-C6EA89C32AF3.codesnippet */ = {isa = PBXFileReference; fileEncoding = 4; lastKnownFileType = text.xml; path = "24FD4693-2641-4892-AD6C-C6EA89C32AF3.codesnippet"; sourceTree = "<group>"; };
		F90818412C58D20F0070A6B4 /* 29C7C85F-99AC-49ED-B2D2-2D2BB10D8687.codesnippet */ = {isa = PBXFileReference; fileEncoding = 4; lastKnownFileType = text.xml; path = "29C7C85F-99AC-49ED-B2D2-2D2BB10D8687.codesnippet"; sourceTree = "<group>"; };
		F90818422C58D20F0070A6B4 /* 39A37248-32D2-4A4E-830B-E94AF17AE9C7.codesnippet */ = {isa = PBXFileReference; fileEncoding = 4; lastKnownFileType = text.xml; path = "39A37248-32D2-4A4E-830B-E94AF17AE9C7.codesnippet"; sourceTree = "<group>"; };
		F90818432C58D20F0070A6B4 /* 63BCAEBC-FB4D-4A2B-9C00-D6E2A64B3AB1.codesnippet */ = {isa = PBXFileReference; fileEncoding = 4; lastKnownFileType = text.xml; path = "63BCAEBC-FB4D-4A2B-9C00-D6E2A64B3AB1.codesnippet"; sourceTree = "<group>"; };
		F90818442C58D20F0070A6B4 /* 73DCB6E2-FC2D-47C7-8BAC-8DA2459EBB09.codesnippet */ = {isa = PBXFileReference; fileEncoding = 4; lastKnownFileType = text.xml; path = "73DCB6E2-FC2D-47C7-8BAC-8DA2459EBB09.codesnippet"; sourceTree = "<group>"; };
		F90818452C58D20F0070A6B4 /* 96BB319D-5EA8-4758-B7AB-67C05661AE8D.codesnippet */ = {isa = PBXFileReference; fileEncoding = 4; lastKnownFileType = text.xml; path = "96BB319D-5EA8-4758-B7AB-67C05661AE8D.codesnippet"; sourceTree = "<group>"; };
		F90818462C58D20F0070A6B4 /* 680BEE88-DC32-4680-9166-22A3A13B6C8A.codesnippet */ = {isa = PBXFileReference; fileEncoding = 4; lastKnownFileType = text.xml; path = "680BEE88-DC32-4680-9166-22A3A13B6C8A.codesnippet"; sourceTree = "<group>"; };
		F90818472C58D20F0070A6B4 /* 858AF58E-C858-46F5-A701-7A067A565D01.codesnippet */ = {isa = PBXFileReference; fileEncoding = 4; lastKnownFileType = text.xml; path = "858AF58E-C858-46F5-A701-7A067A565D01.codesnippet"; sourceTree = "<group>"; };
		F90818482C58D20F0070A6B4 /* 3085EA50-A235-4E8C-90C6-F7BEAE9DA0DC.codesnippet */ = {isa = PBXFileReference; fileEncoding = 4; lastKnownFileType = text.xml; path = "3085EA50-A235-4E8C-90C6-F7BEAE9DA0DC.codesnippet"; sourceTree = "<group>"; };
		F90818492C58D20F0070A6B4 /* 4510B14C-FF81-4881-B299-5C817350276B.codesnippet */ = {isa = PBXFileReference; fileEncoding = 4; lastKnownFileType = text.xml; path = "4510B14C-FF81-4881-B299-5C817350276B.codesnippet"; sourceTree = "<group>"; };
		F908184A2C58D20F0070A6B4 /* 6625B4FC-6392-4515-83B3-549CE616F5D9.codesnippet */ = {isa = PBXFileReference; fileEncoding = 4; lastKnownFileType = text.xml; path = "6625B4FC-6392-4515-83B3-549CE616F5D9.codesnippet"; sourceTree = "<group>"; };
		F908184B2C58D20F0070A6B4 /* 44603A30-B228-4485-8E20-53C59ED247B2.codesnippet */ = {isa = PBXFileReference; fileEncoding = 4; lastKnownFileType = text.xml; path = "44603A30-B228-4485-8E20-53C59ED247B2.codesnippet"; sourceTree = "<group>"; };
		F908184C2C58D20F0070A6B4 /* 0195684E-C930-4205-B805-D0348AADEC50.codesnippet */ = {isa = PBXFileReference; fileEncoding = 4; lastKnownFileType = text.xml; path = "0195684E-C930-4205-B805-D0348AADEC50.codesnippet"; sourceTree = "<group>"; };
		F908184D2C58D20F0070A6B4 /* A0C4BBDD-4557-47F8-96B1-2C9F24A7B75F.codesnippet */ = {isa = PBXFileReference; fileEncoding = 4; lastKnownFileType = text.xml; path = "A0C4BBDD-4557-47F8-96B1-2C9F24A7B75F.codesnippet"; sourceTree = "<group>"; };
		F908184E2C58D20F0070A6B4 /* A9A6C400-351F-420A-9E65-B50C37E978F0.codesnippet */ = {isa = PBXFileReference; fileEncoding = 4; lastKnownFileType = text.xml; path = "A9A6C400-351F-420A-9E65-B50C37E978F0.codesnippet"; sourceTree = "<group>"; };
		F908184F2C58D20F0070A6B4 /* A61C702C-823A-421C-A6FC-D06A508E81DB.codesnippet */ = {isa = PBXFileReference; fileEncoding = 4; lastKnownFileType = text.xml; path = "A61C702C-823A-421C-A6FC-D06A508E81DB.codesnippet"; sourceTree = "<group>"; };
		F90818502C58D20F0070A6B4 /* B9957D1A-1DC7-4D77-9CCF-E648FEE02767.codesnippet */ = {isa = PBXFileReference; fileEncoding = 4; lastKnownFileType = text.xml; path = "B9957D1A-1DC7-4D77-9CCF-E648FEE02767.codesnippet"; sourceTree = "<group>"; };
		F90818512C58D20F0070A6B4 /* B2025015-CE7D-4D4A-9426-7822A20947D7.codesnippet */ = {isa = PBXFileReference; fileEncoding = 4; lastKnownFileType = text.xml; path = "B2025015-CE7D-4D4A-9426-7822A20947D7.codesnippet"; sourceTree = "<group>"; };
		F90818522C58D20F0070A6B4 /* BE5EFB73-C5A6-4520-A93B-0A099F3EE535.codesnippet */ = {isa = PBXFileReference; fileEncoding = 4; lastKnownFileType = text.xml; path = "BE5EFB73-C5A6-4520-A93B-0A099F3EE535.codesnippet"; sourceTree = "<group>"; };
		F90818532C58D20F0070A6B4 /* C16E027E-D075-4CCA-BBC0-D384EB416698.codesnippet */ = {isa = PBXFileReference; fileEncoding = 4; lastKnownFileType = text.xml; path = "C16E027E-D075-4CCA-BBC0-D384EB416698.codesnippet"; sourceTree = "<group>"; };
		F90818542C58D20F0070A6B4 /* C40F00A2-7448-480C-AB5C-BBE5872A61EA.codesnippet */ = {isa = PBXFileReference; fileEncoding = 4; lastKnownFileType = text.xml; path = "C40F00A2-7448-480C-AB5C-BBE5872A61EA.codesnippet"; sourceTree = "<group>"; };
		F90818552C58D20F0070A6B4 /* D6D46B0B-BA1A-424A-AEE4-41978A733BBB.codesnippet */ = {isa = PBXFileReference; fileEncoding = 4; lastKnownFileType = text.xml; path = "D6D46B0B-BA1A-424A-AEE4-41978A733BBB.codesnippet"; sourceTree = "<group>"; };
		F90818562C58D20F0070A6B4 /* F1B2D44D-7CF2-4C8C-909A-EA93C35B127F.codesnippet */ = {isa = PBXFileReference; fileEncoding = 4; lastKnownFileType = text.xml; path = "F1B2D44D-7CF2-4C8C-909A-EA93C35B127F.codesnippet"; sourceTree = "<group>"; };
		F90818572C58D20F0070A6B4 /* F4A81707-CD8E-47B3-84F7-5F6405E7F6E3.codesnippet */ = {isa = PBXFileReference; fileEncoding = 4; lastKnownFileType = text.xml; path = "F4A81707-CD8E-47B3-84F7-5F6405E7F6E3.codesnippet"; sourceTree = "<group>"; };
		F90818582C58D20F0070A6B4 /* F4B9997B-F807-4019-98F5-541ECB45F59E.codesnippet */ = {isa = PBXFileReference; fileEncoding = 4; lastKnownFileType = text.xml; path = "F4B9997B-F807-4019-98F5-541ECB45F59E.codesnippet"; sourceTree = "<group>"; };
		F90818592C58D20F0070A6B4 /* F6AC9723-3DF0-4E20-AB1D-18DC504123E7.codesnippet */ = {isa = PBXFileReference; fileEncoding = 4; lastKnownFileType = text.xml; path = "F6AC9723-3DF0-4E20-AB1D-18DC504123E7.codesnippet"; sourceTree = "<group>"; };
		F908185A2C58D20F0070A6B4 /* F84D361A-CBD9-416F-B732-95524D94949A.codesnippet */ = {isa = PBXFileReference; fileEncoding = 4; lastKnownFileType = text.xml; path = "F84D361A-CBD9-416F-B732-95524D94949A.codesnippet"; sourceTree = "<group>"; };
		F908185B2C58D20F0070A6B4 /* FD5C16DC-5110-47B1-A88F-76FBD14EEF67.codesnippet */ = {isa = PBXFileReference; fileEncoding = 4; lastKnownFileType = text.xml; path = "FD5C16DC-5110-47B1-A88F-76FBD14EEF67.codesnippet"; sourceTree = "<group>"; };
		F908185C2C58D20F0070A6B4 /* FE816A90-24A5-40E2-A7CC-C4A65EB5CC30.codesnippet */ = {isa = PBXFileReference; fileEncoding = 4; lastKnownFileType = text.xml; path = "FE816A90-24A5-40E2-A7CC-C4A65EB5CC30.codesnippet"; sourceTree = "<group>"; };
		F99BD4A52C20321D00D756E3 /* TEToolExtension.app */ = {isa = PBXFileReference; explicitFileType = wrapper.application; includeInIndex = 0; path = TEToolExtension.app; sourceTree = BUILT_PRODUCTS_DIR; };
		F99BD4A82C20321D00D756E3 /* AppDelegate.swift */ = {isa = PBXFileReference; lastKnownFileType = sourcecode.swift; path = AppDelegate.swift; sourceTree = "<group>"; };
		F99BD4AA2C20321D00D756E3 /* SceneDelegate.swift */ = {isa = PBXFileReference; lastKnownFileType = sourcecode.swift; path = SceneDelegate.swift; sourceTree = "<group>"; };
		F99BD4AC2C20321D00D756E3 /* ViewController.swift */ = {isa = PBXFileReference; lastKnownFileType = sourcecode.swift; path = ViewController.swift; sourceTree = "<group>"; };
		F99BD4AF2C20321D00D756E3 /* Base */ = {isa = PBXFileReference; lastKnownFileType = file.storyboard; name = Base; path = Base.lproj/Main.storyboard; sourceTree = "<group>"; };
		F99BD4B12C20321F00D756E3 /* Assets.xcassets */ = {isa = PBXFileReference; lastKnownFileType = folder.assetcatalog; path = Assets.xcassets; sourceTree = "<group>"; };
		F99BD4B42C20321F00D756E3 /* Base */ = {isa = PBXFileReference; lastKnownFileType = file.storyboard; name = Base; path = Base.lproj/LaunchScreen.storyboard; sourceTree = "<group>"; };
		F99BD4B62C20321F00D756E3 /* Info.plist */ = {isa = PBXFileReference; lastKnownFileType = text.plist.xml; path = Info.plist; sourceTree = "<group>"; };
		F99BD4BF2C20384B00D756E3 /* TEToolExtension.swift */ = {isa = PBXFileReference; fileEncoding = 4; lastKnownFileType = sourcecode.swift; path = TEToolExtension.swift; sourceTree = "<group>"; };
		F99BD4C82C20473000D756E3 /* AMPermissionManager.swift */ = {isa = PBXFileReference; fileEncoding = 4; lastKnownFileType = sourcecode.swift; path = AMPermissionManager.swift; sourceTree = "<group>"; };
/* End PBXFileReference section */

/* Begin PBXFrameworksBuildPhase section */
		F99BD4A22C20321D00D756E3 /* Frameworks */ = {
			isa = PBXFrameworksBuildPhase;
			buildActionMask = 2147483647;
			files = (
				1A86A832ED3A7EEE122AA8CB /* Pods_TEToolExtension.framework in Frameworks */,
			);
			runOnlyForDeploymentPostprocessing = 0;
		};
/* End PBXFrameworksBuildPhase section */

/* Begin PBXGroup section */
		CBAD728330589B2057253ACC /* Frameworks */ = {
			isa = PBXGroup;
			children = (
				37F09A892704394139EDED00 /* Pods_TEToolExtension.framework */,
			);
			name = Frameworks;
			sourceTree = "<group>";
		};
		E65758C8197D37496F01549A /* Pods */ = {
			isa = PBXGroup;
			children = (
				997DA76AB9B338D66C1B89C7 /* Pods-TEToolExtension.debug.xcconfig */,
				44C92AA62A9DCFA6F81B003A /* Pods-TEToolExtension.release.xcconfig */,
			);
			path = Pods;
			sourceTree = "<group>";
		};
		F908185D2C58D20F0070A6B4 /* CodeSnippets */ = {
			isa = PBXGroup;
			children = (
				F90818332C58D20F0070A6B4 /* 1FE45377-611E-42EE-876A-C4E1EE51637D.codesnippet */,
				F90818342C58D20F0070A6B4 /* 3A344574-5B33-420E-9B88-B00612AB9765.codesnippet */,
				F90818352C58D20F0070A6B4 /* 4AC96164-EF84-4728-B22F-9921AAC72841.codesnippet */,
				F90818362C58D20F0070A6B4 /* 4C217297-90F7-40C9-A8A6-B425E6D735C4.codesnippet */,
				F90818372C58D20F0070A6B4 /* 4EC06E1A-2041-4E43-BDD5-E1AAB4CAF3E7.codesnippet */,
				F90818382C58D20F0070A6B4 /* 5A4CF5E6-6752-40DE-8B16-811C07ACC814.codesnippet */,
				F90818392C58D20F0070A6B4 /* 05AF2BE6-CF18-49DC-9D00-5CF19EABB764.codesnippet */,
				F908183A2C58D20F0070A6B4 /* 5B608214-1550-4472-9395-C507185DE5BB.codesnippet */,
				F908183B2C58D20F0070A6B4 /* 5D0B64E7-E7E7-40C8-98AF-6E7B8741615D.codesnippet */,
				F908183C2C58D20F0070A6B4 /* 5E1DF437-D26B-4CD2-848C-9EFF480BCDFC.codesnippet */,
				F908183D2C58D20F0070A6B4 /* 7A8B6B25-19BF-4CD4-A2B9-C2B1E03E214A.codesnippet */,
				F908183E2C58D20F0070A6B4 /* 7A518776-328A-4D13-8CB5-E2B36414919D.codesnippet */,
				F908183F2C58D20F0070A6B4 /* 9D569D2D-2312-4047-A327-D781AAA31B10.codesnippet */,
				F90818402C58D20F0070A6B4 /* 24FD4693-2641-4892-AD6C-C6EA89C32AF3.codesnippet */,
				F90818412C58D20F0070A6B4 /* 29C7C85F-99AC-49ED-B2D2-2D2BB10D8687.codesnippet */,
				F90818422C58D20F0070A6B4 /* 39A37248-32D2-4A4E-830B-E94AF17AE9C7.codesnippet */,
				F90818432C58D20F0070A6B4 /* 63BCAEBC-FB4D-4A2B-9C00-D6E2A64B3AB1.codesnippet */,
				F90818442C58D20F0070A6B4 /* 73DCB6E2-FC2D-47C7-8BAC-8DA2459EBB09.codesnippet */,
				F90818452C58D20F0070A6B4 /* 96BB319D-5EA8-4758-B7AB-67C05661AE8D.codesnippet */,
				F90818462C58D20F0070A6B4 /* 680BEE88-DC32-4680-9166-22A3A13B6C8A.codesnippet */,
				F90818472C58D20F0070A6B4 /* 858AF58E-C858-46F5-A701-7A067A565D01.codesnippet */,
				F90818482C58D20F0070A6B4 /* 3085EA50-A235-4E8C-90C6-F7BEAE9DA0DC.codesnippet */,
				F90818492C58D20F0070A6B4 /* 4510B14C-FF81-4881-B299-5C817350276B.codesnippet */,
				F908184A2C58D20F0070A6B4 /* 6625B4FC-6392-4515-83B3-549CE616F5D9.codesnippet */,
				F908184B2C58D20F0070A6B4 /* 44603A30-B228-4485-8E20-53C59ED247B2.codesnippet */,
				F908184C2C58D20F0070A6B4 /* 0195684E-C930-4205-B805-D0348AADEC50.codesnippet */,
				F908184D2C58D20F0070A6B4 /* A0C4BBDD-4557-47F8-96B1-2C9F24A7B75F.codesnippet */,
				F908184E2C58D20F0070A6B4 /* A9A6C400-351F-420A-9E65-B50C37E978F0.codesnippet */,
				F908184F2C58D20F0070A6B4 /* A61C702C-823A-421C-A6FC-D06A508E81DB.codesnippet */,
				F90818502C58D20F0070A6B4 /* B9957D1A-1DC7-4D77-9CCF-E648FEE02767.codesnippet */,
				F90818512C58D20F0070A6B4 /* B2025015-CE7D-4D4A-9426-7822A20947D7.codesnippet */,
				F90818522C58D20F0070A6B4 /* BE5EFB73-C5A6-4520-A93B-0A099F3EE535.codesnippet */,
				F90818532C58D20F0070A6B4 /* C16E027E-D075-4CCA-BBC0-D384EB416698.codesnippet */,
				F90818542C58D20F0070A6B4 /* C40F00A2-7448-480C-AB5C-BBE5872A61EA.codesnippet */,
				F90818552C58D20F0070A6B4 /* D6D46B0B-BA1A-424A-AEE4-41978A733BBB.codesnippet */,
				F90818562C58D20F0070A6B4 /* F1B2D44D-7CF2-4C8C-909A-EA93C35B127F.codesnippet */,
				F90818572C58D20F0070A6B4 /* F4A81707-CD8E-47B3-84F7-5F6405E7F6E3.codesnippet */,
				F90818582C58D20F0070A6B4 /* F4B9997B-F807-4019-98F5-541ECB45F59E.codesnippet */,
				F90818592C58D20F0070A6B4 /* F6AC9723-3DF0-4E20-AB1D-18DC504123E7.codesnippet */,
				F908185A2C58D20F0070A6B4 /* F84D361A-CBD9-416F-B732-95524D94949A.codesnippet */,
				F908185B2C58D20F0070A6B4 /* FD5C16DC-5110-47B1-A88F-76FBD14EEF67.codesnippet */,
				F908185C2C58D20F0070A6B4 /* FE816A90-24A5-40E2-A7CC-C4A65EB5CC30.codesnippet */,
			);
			path = CodeSnippets;
			sourceTree = "<group>";
		};
		F99BD49C2C20321D00D756E3 = {
			isa = PBXGroup;
			children = (
				F99BD4C02C20384B00D756E3 /* TEToolExtensionResource */,
				F99BD4A72C20321D00D756E3 /* TEToolExtension */,
				F99BD4A62C20321D00D756E3 /* Products */,
				E65758C8197D37496F01549A /* Pods */,
				CBAD728330589B2057253ACC /* Frameworks */,
			);
			sourceTree = "<group>";
		};
		F99BD4A62C20321D00D756E3 /* Products */ = {
			isa = PBXGroup;
			children = (
				F99BD4A52C20321D00D756E3 /* TEToolExtension.app */,
			);
			name = Products;
			sourceTree = "<group>";
		};
		F99BD4A72C20321D00D756E3 /* TEToolExtension */ = {
			isa = PBXGroup;
			children = (
				F99BD4A82C20321D00D756E3 /* AppDelegate.swift */,
				F99BD4AA2C20321D00D756E3 /* SceneDelegate.swift */,
				F99BD4AC2C20321D00D756E3 /* ViewController.swift */,
				F99BD4AE2C20321D00D756E3 /* Main.storyboard */,
				F99BD4B12C20321F00D756E3 /* Assets.xcassets */,
				F99BD4B32C20321F00D756E3 /* LaunchScreen.storyboard */,
				F99BD4B62C20321F00D756E3 /* Info.plist */,
			);
			path = TEToolExtension;
			sourceTree = "<group>";
		};
		F99BD4C02C20384B00D756E3 /* TEToolExtensionResource */ = {
			isa = PBXGroup;
			children = (
				F99BD4BF2C20384B00D756E3 /* TEToolExtension.swift */,
				F99BD4C82C20473000D756E3 /* AMPermissionManager.swift */,
				F908185D2C58D20F0070A6B4 /* CodeSnippets */,
			);
			path = TEToolExtensionResource;
			sourceTree = "<group>";
		};
/* End PBXGroup section */

/* Begin PBXNativeTarget section */
		F99BD4A42C20321D00D756E3 /* TEToolExtension */ = {
			isa = PBXNativeTarget;
			buildConfigurationList = F99BD4B92C20321F00D756E3 /* Build configuration list for PBXNativeTarget "TEToolExtension" */;
			buildPhases = (
				A29AC2DFCC3F569108590BB2 /* [CP] Check Pods Manifest.lock */,
				F99BD4A12C20321D00D756E3 /* Sources */,
				F99BD4A22C20321D00D756E3 /* Frameworks */,
				F99BD4A32C20321D00D756E3 /* Resources */,
				B0910F8A96AC464E95F51E47 /* [CP] Embed Pods Frameworks */,
			);
			buildRules = (
			);
			dependencies = (
			);
			name = TEToolExtension;
			productName = TEToolExtension;
			productReference = F99BD4A52C20321D00D756E3 /* TEToolExtension.app */;
			productType = "com.apple.product-type.application";
		};
/* End PBXNativeTarget section */

/* Begin PBXProject section */
		F99BD49D2C20321D00D756E3 /* Project object */ = {
			isa = PBXProject;
			attributes = {
				BuildIndependentTargetsInParallel = 1;
				LastSwiftUpdateCheck = 1530;
				LastUpgradeCheck = 1530;
				TargetAttributes = {
					F99BD4A42C20321D00D756E3 = {
						CreatedOnToolsVersion = 15.3;
					};
				};
			};
			buildConfigurationList = F99BD4A02C20321D00D756E3 /* Build configuration list for PBXProject "TEToolExtension" */;
			compatibilityVersion = "Xcode 13.0";
			developmentRegion = en;
			hasScannedForEncodings = 0;
			knownRegions = (
				en,
				Base,
			);
			mainGroup = F99BD49C2C20321D00D756E3;
			productRefGroup = F99BD4A62C20321D00D756E3 /* Products */;
			projectDirPath = "";
			projectRoot = "";
			targets = (
				F99BD4A42C20321D00D756E3 /* TEToolExtension */,
			);
		};
/* End PBXProject section */

/* Begin PBXResourcesBuildPhase section */
		F99BD4A32C20321D00D756E3 /* Resources */ = {
			isa = PBXResourcesBuildPhase;
			buildActionMask = 2147483647;
			files = (
				F90818662C58D20F0070A6B4 /* 5D0B64E7-E7E7-40C8-98AF-6E7B8741615D.codesnippet in Resources */,
				F90818772C58D20F0070A6B4 /* 0195684E-C930-4205-B805-D0348AADEC50.codesnippet in Resources */,
				F90818752C58D20F0070A6B4 /* 6625B4FC-6392-4515-83B3-549CE616F5D9.codesnippet in Resources */,
				F90818732C58D20F0070A6B4 /* 3085EA50-A235-4E8C-90C6-F7BEAE9DA0DC.codesnippet in Resources */,
				F90818682C58D20F0070A6B4 /* 7A8B6B25-19BF-4CD4-A2B9-C2B1E03E214A.codesnippet in Resources */,
				F90818852C58D20F0070A6B4 /* F84D361A-CBD9-416F-B732-95524D94949A.codesnippet in Resources */,
				F99BD4B22C20321F00D756E3 /* Assets.xcassets in Resources */,
				F90818782C58D20F0070A6B4 /* A0C4BBDD-4557-47F8-96B1-2C9F24A7B75F.codesnippet in Resources */,
				F908186C2C58D20F0070A6B4 /* 29C7C85F-99AC-49ED-B2D2-2D2BB10D8687.codesnippet in Resources */,
				F90818762C58D20F0070A6B4 /* 44603A30-B228-4485-8E20-53C59ED247B2.codesnippet in Resources */,
				F908186D2C58D20F0070A6B4 /* 39A37248-32D2-4A4E-830B-E94AF17AE9C7.codesnippet in Resources */,
				F90818792C58D20F0070A6B4 /* A9A6C400-351F-420A-9E65-B50C37E978F0.codesnippet in Resources */,
				F908187F2C58D20F0070A6B4 /* C40F00A2-7448-480C-AB5C-BBE5872A61EA.codesnippet in Resources */,
				F908187C2C58D20F0070A6B4 /* B2025015-CE7D-4D4A-9426-7822A20947D7.codesnippet in Resources */,
				F908187A2C58D20F0070A6B4 /* A61C702C-823A-421C-A6FC-D06A508E81DB.codesnippet in Resources */,
				F90818842C58D20F0070A6B4 /* F6AC9723-3DF0-4E20-AB1D-18DC504123E7.codesnippet in Resources */,
				F99BD4B52C20321F00D756E3 /* Base in Resources */,
				F90818612C58D20F0070A6B4 /* 4C217297-90F7-40C9-A8A6-B425E6D735C4.codesnippet in Resources */,
				F90818872C58D20F0070A6B4 /* FE816A90-24A5-40E2-A7CC-C4A65EB5CC30.codesnippet in Resources */,
				F90818722C58D20F0070A6B4 /* 858AF58E-C858-46F5-A701-7A067A565D01.codesnippet in Resources */,
				F90818702C58D20F0070A6B4 /* 96BB319D-5EA8-4758-B7AB-67C05661AE8D.codesnippet in Resources */,
				F90818602C58D20F0070A6B4 /* 4AC96164-EF84-4728-B22F-9921AAC72841.codesnippet in Resources */,
				F908185E2C58D20F0070A6B4 /* 1FE45377-611E-42EE-876A-C4E1EE51637D.codesnippet in Resources */,
				F908186F2C58D20F0070A6B4 /* 73DCB6E2-FC2D-47C7-8BAC-8DA2459EBB09.codesnippet in Resources */,
				F908187D2C58D20F0070A6B4 /* BE5EFB73-C5A6-4520-A93B-0A099F3EE535.codesnippet in Resources */,
				F90818692C58D20F0070A6B4 /* 7A518776-328A-4D13-8CB5-E2B36414919D.codesnippet in Resources */,
				F908186B2C58D20F0070A6B4 /* 24FD4693-2641-4892-AD6C-C6EA89C32AF3.codesnippet in Resources */,
				F90818812C58D20F0070A6B4 /* F1B2D44D-7CF2-4C8C-909A-EA93C35B127F.codesnippet in Resources */,
				F908187E2C58D20F0070A6B4 /* C16E027E-D075-4CCA-BBC0-D384EB416698.codesnippet in Resources */,
				F90818642C58D20F0070A6B4 /* 05AF2BE6-CF18-49DC-9D00-5CF19EABB764.codesnippet in Resources */,
				F90818802C58D20F0070A6B4 /* D6D46B0B-BA1A-424A-AEE4-41978A733BBB.codesnippet in Resources */,
				F99BD4B02C20321D00D756E3 /* Base in Resources */,
				F90818862C58D20F0070A6B4 /* FD5C16DC-5110-47B1-A88F-76FBD14EEF67.codesnippet in Resources */,
				F90818652C58D20F0070A6B4 /* 5B608214-1550-4472-9395-C507185DE5BB.codesnippet in Resources */,
				F90818622C58D20F0070A6B4 /* 4EC06E1A-2041-4E43-BDD5-E1AAB4CAF3E7.codesnippet in Resources */,
				F908186E2C58D20F0070A6B4 /* 63BCAEBC-FB4D-4A2B-9C00-D6E2A64B3AB1.codesnippet in Resources */,
				F908185F2C58D20F0070A6B4 /* 3A344574-5B33-420E-9B88-B00612AB9765.codesnippet in Resources */,
				F90818822C58D20F0070A6B4 /* F4A81707-CD8E-47B3-84F7-5F6405E7F6E3.codesnippet in Resources */,
				F908186A2C58D20F0070A6B4 /* 9D569D2D-2312-4047-A327-D781AAA31B10.codesnippet in Resources */,
				F908187B2C58D20F0070A6B4 /* B9957D1A-1DC7-4D77-9CCF-E648FEE02767.codesnippet in Resources */,
				F90818672C58D20F0070A6B4 /* 5E1DF437-D26B-4CD2-848C-9EFF480BCDFC.codesnippet in Resources */,
				F90818742C58D20F0070A6B4 /* 4510B14C-FF81-4881-B299-5C817350276B.codesnippet in Resources */,
				F90818712C58D20F0070A6B4 /* 680BEE88-DC32-4680-9166-22A3A13B6C8A.codesnippet in Resources */,
				F90818832C58D20F0070A6B4 /* F4B9997B-F807-4019-98F5-541ECB45F59E.codesnippet in Resources */,
				F90818632C58D20F0070A6B4 /* 5A4CF5E6-6752-40DE-8B16-811C07ACC814.codesnippet in Resources */,
			);
			runOnlyForDeploymentPostprocessing = 0;
		};
/* End PBXResourcesBuildPhase section */

/* Begin PBXShellScriptBuildPhase section */
		A29AC2DFCC3F569108590BB2 /* [CP] Check Pods Manifest.lock */ = {
			isa = PBXShellScriptBuildPhase;
			buildActionMask = 2147483647;
			files = (
			);
			inputFileListPaths = (
			);
			inputPaths = (
				"${PODS_PODFILE_DIR_PATH}/Podfile.lock",
				"${PODS_ROOT}/Manifest.lock",
			);
			name = "[CP] Check Pods Manifest.lock";
			outputFileListPaths = (
			);
			outputPaths = (
				"$(DERIVED_FILE_DIR)/Pods-TEToolExtension-checkManifestLockResult.txt",
			);
			runOnlyForDeploymentPostprocessing = 0;
			shellPath = /bin/sh;
			shellScript = "diff \"${PODS_PODFILE_DIR_PATH}/Podfile.lock\" \"${PODS_ROOT}/Manifest.lock\" > /dev/null\nif [ $? != 0 ] ; then\n    # print error to STDERR\n    echo \"error: The sandbox is not in sync with the Podfile.lock. Run 'pod install' or update your CocoaPods installation.\" >&2\n    exit 1\nfi\n# This output is used by Xcode 'outputs' to avoid re-running this script phase.\necho \"SUCCESS\" > \"${SCRIPT_OUTPUT_FILE_0}\"\n";
			showEnvVarsInLog = 0;
		};
		B0910F8A96AC464E95F51E47 /* [CP] Embed Pods Frameworks */ = {
			isa = PBXShellScriptBuildPhase;
			buildActionMask = 2147483647;
			files = (
			);
			inputFileListPaths = (
				"${PODS_ROOT}/Target Support Files/Pods-TEToolExtension/Pods-TEToolExtension-frameworks-${CONFIGURATION}-input-files.xcfilelist",
			);
			name = "[CP] Embed Pods Frameworks";
			outputFileListPaths = (
				"${PODS_ROOT}/Target Support Files/Pods-TEToolExtension/Pods-TEToolExtension-frameworks-${CONFIGURATION}-output-files.xcfilelist",
			);
			runOnlyForDeploymentPostprocessing = 0;
			shellPath = /bin/sh;
			shellScript = "\"${PODS_ROOT}/Target Support Files/Pods-TEToolExtension/Pods-TEToolExtension-frameworks.sh\"\n";
			showEnvVarsInLog = 0;
		};
/* End PBXShellScriptBuildPhase section */

/* Begin PBXSourcesBuildPhase section */
		F99BD4A12C20321D00D756E3 /* Sources */ = {
			isa = PBXSourcesBuildPhase;
			buildActionMask = 2147483647;
			files = (
				F99BD4C12C20384B00D756E3 /* TEToolExtension.swift in Sources */,
				F99BD4AD2C20321D00D756E3 /* ViewController.swift in Sources */,
				F99BD4A92C20321D00D756E3 /* AppDelegate.swift in Sources */,
				F99BD4AB2C20321D00D756E3 /* SceneDelegate.swift in Sources */,
				F99BD4C92C20473000D756E3 /* AMPermissionManager.swift in Sources */,
			);
			runOnlyForDeploymentPostprocessing = 0;
		};
/* End PBXSourcesBuildPhase section */

/* Begin PBXVariantGroup section */
		F99BD4AE2C20321D00D756E3 /* Main.storyboard */ = {
			isa = PBXVariantGroup;
			children = (
				F99BD4AF2C20321D00D756E3 /* Base */,
			);
			name = Main.storyboard;
			sourceTree = "<group>";
		};
		F99BD4B32C20321F00D756E3 /* LaunchScreen.storyboard */ = {
			isa = PBXVariantGroup;
			children = (
				F99BD4B42C20321F00D756E3 /* Base */,
			);
			name = LaunchScreen.storyboard;
			sourceTree = "<group>";
		};
/* End PBXVariantGroup section */

/* Begin XCBuildConfiguration section */
		F99BD4B72C20321F00D756E3 /* Debug */ = {
			isa = XCBuildConfiguration;
			buildSettings = {
				ALWAYS_SEARCH_USER_PATHS = NO;
				ASSETCATALOG_COMPILER_GENERATE_SWIFT_ASSET_SYMBOL_EXTENSIONS = YES;
				CLANG_ANALYZER_NONNULL = YES;
				CLANG_ANALYZER_NUMBER_OBJECT_CONVERSION = YES_AGGRESSIVE;
				CLANG_CXX_LANGUAGE_STANDARD = "gnu++20";
				CLANG_ENABLE_MODULES = YES;
				CLANG_ENABLE_OBJC_ARC = YES;
				CLANG_ENABLE_OBJC_WEAK = YES;
				CLANG_WARN_BLOCK_CAPTURE_AUTORELEASING = YES;
				CLANG_WARN_BOOL_CONVERSION = YES;
				CLANG_WARN_COMMA = YES;
				CLANG_WARN_CONSTANT_CONVERSION = YES;
				CLANG_WARN_DEPRECATED_OBJC_IMPLEMENTATIONS = YES;
				CLANG_WARN_DIRECT_OBJC_ISA_USAGE = YES_ERROR;
				CLANG_WARN_DOCUMENTATION_COMMENTS = YES;
				CLANG_WARN_EMPTY_BODY = YES;
				CLANG_WARN_ENUM_CONVERSION = YES;
				CLANG_WARN_INFINITE_RECURSION = YES;
				CLANG_WARN_INT_CONVERSION = YES;
				CLANG_WARN_NON_LITERAL_NULL_CONVERSION = YES;
				CLANG_WARN_OBJC_IMPLICIT_RETAIN_SELF = YES;
				CLANG_WARN_OBJC_LITERAL_CONVERSION = YES;
				CLANG_WARN_OBJC_ROOT_CLASS = YES_ERROR;
				CLANG_WARN_QUOTED_INCLUDE_IN_FRAMEWORK_HEADER = YES;
				CLANG_WARN_RANGE_LOOP_ANALYSIS = YES;
				CLANG_WARN_STRICT_PROTOTYPES = YES;
				CLANG_WARN_SUSPICIOUS_MOVE = YES;
				CLANG_WARN_UNGUARDED_AVAILABILITY = YES_AGGRESSIVE;
				CLANG_WARN_UNREACHABLE_CODE = YES;
				CLANG_WARN__DUPLICATE_METHOD_MATCH = YES;
				COPY_PHASE_STRIP = NO;
				DEBUG_INFORMATION_FORMAT = dwarf;
				ENABLE_STRICT_OBJC_MSGSEND = YES;
				ENABLE_TESTABILITY = YES;
				ENABLE_USER_SCRIPT_SANDBOXING = YES;
				GCC_C_LANGUAGE_STANDARD = gnu17;
				GCC_DYNAMIC_NO_PIC = NO;
				GCC_NO_COMMON_BLOCKS = YES;
				GCC_OPTIMIZATION_LEVEL = 0;
				GCC_PREPROCESSOR_DEFINITIONS = (
					"DEBUG=1",
					"$(inherited)",
				);
				GCC_WARN_64_TO_32_BIT_CONVERSION = YES;
				GCC_WARN_ABOUT_RETURN_TYPE = YES_ERROR;
				GCC_WARN_UNDECLARED_SELECTOR = YES;
				GCC_WARN_UNINITIALIZED_AUTOS = YES_AGGRESSIVE;
				GCC_WARN_UNUSED_FUNCTION = YES;
				GCC_WARN_UNUSED_VARIABLE = YES;
				IPHONEOS_DEPLOYMENT_TARGET = 13.0;
				LOCALIZATION_PREFERS_STRING_CATALOGS = YES;
				MTL_ENABLE_DEBUG_INFO = INCLUDE_SOURCE;
				MTL_FAST_MATH = YES;
				ONLY_ACTIVE_ARCH = YES;
				SDKROOT = iphoneos;
				SWIFT_ACTIVE_COMPILATION_CONDITIONS = "DEBUG $(inherited)";
				SWIFT_OPTIMIZATION_LEVEL = "-Onone";
			};
			name = Debug;
		};
		F99BD4B82C20321F00D756E3 /* Release */ = {
			isa = XCBuildConfiguration;
			buildSettings = {
				ALWAYS_SEARCH_USER_PATHS = NO;
				ASSETCATALOG_COMPILER_GENERATE_SWIFT_ASSET_SYMBOL_EXTENSIONS = YES;
				CLANG_ANALYZER_NONNULL = YES;
				CLANG_ANALYZER_NUMBER_OBJECT_CONVERSION = YES_AGGRESSIVE;
				CLANG_CXX_LANGUAGE_STANDARD = "gnu++20";
				CLANG_ENABLE_MODULES = YES;
				CLANG_ENABLE_OBJC_ARC = YES;
				CLANG_ENABLE_OBJC_WEAK = YES;
				CLANG_WARN_BLOCK_CAPTURE_AUTORELEASING = YES;
				CLANG_WARN_BOOL_CONVERSION = YES;
				CLANG_WARN_COMMA = YES;
				CLANG_WARN_CONSTANT_CONVERSION = YES;
				CLANG_WARN_DEPRECATED_OBJC_IMPLEMENTATIONS = YES;
				CLANG_WARN_DIRECT_OBJC_ISA_USAGE = YES_ERROR;
				CLANG_WARN_DOCUMENTATION_COMMENTS = YES;
				CLANG_WARN_EMPTY_BODY = YES;
				CLANG_WARN_ENUM_CONVERSION = YES;
				CLANG_WARN_INFINITE_RECURSION = YES;
				CLANG_WARN_INT_CONVERSION = YES;
				CLANG_WARN_NON_LITERAL_NULL_CONVERSION = YES;
				CLANG_WARN_OBJC_IMPLICIT_RETAIN_SELF = YES;
				CLANG_WARN_OBJC_LITERAL_CONVERSION = YES;
				CLANG_WARN_OBJC_ROOT_CLASS = YES_ERROR;
				CLANG_WARN_QUOTED_INCLUDE_IN_FRAMEWORK_HEADER = YES;
				CLANG_WARN_RANGE_LOOP_ANALYSIS = YES;
				CLANG_WARN_STRICT_PROTOTYPES = YES;
				CLANG_WARN_SUSPICIOUS_MOVE = YES;
				CLANG_WARN_UNGUARDED_AVAILABILITY = YES_AGGRESSIVE;
				CLANG_WARN_UNREACHABLE_CODE = YES;
				CLANG_WARN__DUPLICATE_METHOD_MATCH = YES;
				COPY_PHASE_STRIP = NO;
				DEBUG_INFORMATION_FORMAT = "dwarf-with-dsym";
				ENABLE_NS_ASSERTIONS = NO;
				ENABLE_STRICT_OBJC_MSGSEND = YES;
				ENABLE_USER_SCRIPT_SANDBOXING = YES;
				GCC_C_LANGUAGE_STANDARD = gnu17;
				GCC_NO_COMMON_BLOCKS = YES;
				GCC_WARN_64_TO_32_BIT_CONVERSION = YES;
				GCC_WARN_ABOUT_RETURN_TYPE = YES_ERROR;
				GCC_WARN_UNDECLARED_SELECTOR = YES;
				GCC_WARN_UNINITIALIZED_AUTOS = YES_AGGRESSIVE;
				GCC_WARN_UNUSED_FUNCTION = YES;
				GCC_WARN_UNUSED_VARIABLE = YES;
				IPHONEOS_DEPLOYMENT_TARGET = 13.0;
				LOCALIZATION_PREFERS_STRING_CATALOGS = YES;
				MTL_ENABLE_DEBUG_INFO = NO;
				MTL_FAST_MATH = YES;
				SDKROOT = iphoneos;
				SWIFT_COMPILATION_MODE = wholemodule;
				VALIDATE_PRODUCT = YES;
			};
			name = Release;
		};
		F99BD4BA2C20321F00D756E3 /* Debug */ = {
			isa = XCBuildConfiguration;
			baseConfigurationReference = 997DA76AB9B338D66C1B89C7 /* Pods-TEToolExtension.debug.xcconfig */;
			buildSettings = {
				ASSETCATALOG_COMPILER_APPICON_NAME = AppIcon;
				ASSETCATALOG_COMPILER_GLOBAL_ACCENT_COLOR_NAME = AccentColor;
				CODE_SIGN_STYLE = Automatic;
				CURRENT_PROJECT_VERSION = 1;
				ENABLE_USER_SCRIPT_SANDBOXING = NO;
				GENERATE_INFOPLIST_FILE = YES;
				INFOPLIST_FILE = TEToolExtension/Info.plist;
				INFOPLIST_KEY_UIApplicationSupportsIndirectInputEvents = YES;
				INFOPLIST_KEY_UILaunchStoryboardName = LaunchScreen;
				INFOPLIST_KEY_UIMainStoryboardFile = Main;
				INFOPLIST_KEY_UISupportedInterfaceOrientations_iPad = "UIInterfaceOrientationPortrait UIInterfaceOrientationPortraitUpsideDown UIInterfaceOrientationLandscapeLeft UIInterfaceOrientationLandscapeRight";
				INFOPLIST_KEY_UISupportedInterfaceOrientations_iPhone = "UIInterfaceOrientationPortrait UIInterfaceOrientationLandscapeLeft UIInterfaceOrientationLandscapeRight";
				IPHONEOS_DEPLOYMENT_TARGET = 13.0;
				LD_RUNPATH_SEARCH_PATHS = (
					"$(inherited)",
					"@executable_path/Frameworks",
				);
				MARKETING_VERSION = 1.0;
				PRODUCT_BUNDLE_IDENTIFIER = te.TEToolExtension;
				PRODUCT_NAME = "$(TARGET_NAME)";
				SWIFT_EMIT_LOC_STRINGS = YES;
				SWIFT_VERSION = 5.0;
				TARGETED_DEVICE_FAMILY = "1,2";
			};
			name = Debug;
		};
		F99BD4BB2C20321F00D756E3 /* Release */ = {
			isa = XCBuildConfiguration;
			baseConfigurationReference = 44C92AA62A9DCFA6F81B003A /* Pods-TEToolExtension.release.xcconfig */;
			buildSettings = {
				ASSETCATALOG_COMPILER_APPICON_NAME = AppIcon;
				ASSETCATALOG_COMPILER_GLOBAL_ACCENT_COLOR_NAME = AccentColor;
				CODE_SIGN_STYLE = Automatic;
				CURRENT_PROJECT_VERSION = 1;
				ENABLE_USER_SCRIPT_SANDBOXING = NO;
				GENERATE_INFOPLIST_FILE = YES;
				INFOPLIST_FILE = TEToolExtension/Info.plist;
				INFOPLIST_KEY_UIApplicationSupportsIndirectInputEvents = YES;
				INFOPLIST_KEY_UILaunchStoryboardName = LaunchScreen;
				INFOPLIST_KEY_UIMainStoryboardFile = Main;
				INFOPLIST_KEY_UISupportedInterfaceOrientations_iPad = "UIInterfaceOrientationPortrait UIInterfaceOrientationPortraitUpsideDown UIInterfaceOrientationLandscapeLeft UIInterfaceOrientationLandscapeRight";
				INFOPLIST_KEY_UISupportedInterfaceOrientations_iPhone = "UIInterfaceOrientationPortrait UIInterfaceOrientationLandscapeLeft UIInterfaceOrientationLandscapeRight";
				IPHONEOS_DEPLOYMENT_TARGET = 13.0;
				LD_RUNPATH_SEARCH_PATHS = (
					"$(inherited)",
					"@executable_path/Frameworks",
				);
				MARKETING_VERSION = 1.0;
				PRODUCT_BUNDLE_IDENTIFIER = te.TEToolExtension;
				PRODUCT_NAME = "$(TARGET_NAME)";
				SWIFT_EMIT_LOC_STRINGS = YES;
				SWIFT_VERSION = 5.0;
				TARGETED_DEVICE_FAMILY = "1,2";
			};
			name = Release;
		};
/* End XCBuildConfiguration section */

/* Begin XCConfigurationList section */
		F99BD4A02C20321D00D756E3 /* Build configuration list for PBXProject "TEToolExtension" */ = {
			isa = XCConfigurationList;
			buildConfigurations = (
				F99BD4B72C20321F00D756E3 /* Debug */,
				F99BD4B82C20321F00D756E3 /* Release */,
			);
			defaultConfigurationIsVisible = 0;
			defaultConfigurationName = Release;
		};
		F99BD4B92C20321F00D756E3 /* Build configuration list for PBXNativeTarget "TEToolExtension" */ = {
			isa = XCConfigurationList;
			buildConfigurations = (
				F99BD4BA2C20321F00D756E3 /* Debug */,
				F99BD4BB2C20321F00D756E3 /* Release */,
			);
			defaultConfigurationIsVisible = 0;
			defaultConfigurationName = Release;
		};
/* End XCConfigurationList section */
	};
	rootObject = F99BD49D2C20321D00D756E3 /* Project object */;
}
